Microsoft Visual Studio Solution File, Format Version 11.00
# Visual Studio 2008

Project("{D95E7271-989D-FDC7-6556-EA430A06BDC5}") = "GT_Project", "Assembly-CSharp-firstpass.csproj", "{25D42725-6051-5462-33F3-EFDE86410836}"
EndProject
Project("{D95E7271-989D-FDC7-6556-EA430A06BDC5}") = "GT_Project", "Assembly-CSharp.csproj", "{816AB914-27B2-B975-3D00-1CEF40AF5737}"
EndProject
Project("{D95E7271-989D-FDC7-6556-EA430A06BDC5}") = "GT_Project", "Assembly-CSharp-Editor.csproj", "{6EA1447A-FE19-6534-E250-BC8A46210541}"
EndProject
Global
	GlobalSection(SolutionConfigurationPlatforms) = preSolution
		Debug|Any CPU = Debug|Any CPU
		Release|Any CPU = Release|Any CPU
	EndGlobalSection
	GlobalSection(ProjectConfigurationPlatforms) = postSolution
		{25D42725-6051-5462-33F3-EFDE86410836}.Debug|Any CPU.ActiveCfg = Debug|Any CPU
		{25D42725-6051-5462-33F3-EFDE86410836}.Debug|Any CPU.Build.0 = Debug|Any CPU
		{25D42725-6051-5462-33F3-EFDE86410836}.Release|Any CPU.ActiveCfg = Release|Any CPU
		{25D42725-6051-5462-33F3-EFDE86410836}.Release|Any CPU.Build.0 = Release|Any CPU
		{816AB914-27B2-B975-3D00-1CEF40AF5737}.Debug|Any CPU.ActiveCfg = Debug|Any CPU
		{816AB914-27B2-B975-3D00-1CEF40AF5737}.Debug|Any CPU.Build.0 = Debug|Any CPU
		{816AB914-27B2-B975-3D00-1CEF40AF5737}.Release|Any CPU.ActiveCfg = Release|Any CPU
		{816AB914-27B2-B975-3D00-1CEF40AF5737}.Release|Any CPU.Build.0 = Release|Any CPU
		{6EA1447A-FE19-6534-E250-BC8A46210541}.Debug|Any CPU.ActiveCfg = Debug|Any CPU
		{6EA1447A-FE19-6534-E250-BC8A46210541}.Debug|Any CPU.Build.0 = Debug|Any CPU
		{6EA1447A-FE19-6534-E250-BC8A46210541}.Release|Any CPU.ActiveCfg = Release|Any CPU
		{6EA1447A-FE19-6534-E250-BC8A46210541}.Release|Any CPU.Build.0 = Release|Any CPU
	EndGlobalSection
	GlobalSection(SolutionProperties) = preSolution
		HideSolutionNode = FALSE
	EndGlobalSection
	GlobalSection(MonoDevelopProperties) = preSolution
		StartupItem = Assembly-CSharp.csproj
	EndGlobalSection
EndGlobal
